
Microsoft Visual Studio Solution File, Format Version 12.00
# Visual Studio Version 17
VisualStudioVersion = 17.13.35825.156 d17.13
MinimumVisualStudioVersion = 10.0.40219.1
Project("{FAE04EC0-301F-11D3-BF4B-00C04F79EFBC}") = "MultiShopProject", "MultiShopProject\MultiShopProject.csproj", "{CE4E4E8C-C77F-49A8-9539-7819D5157CB2}"
EndProject
Global
	GlobalSection(SolutionConfigurationPlatforms) = preSolution
		Debug|Any CPU = Debug|Any CPU
		Release|Any CPU = Release|Any CPU
	EndGlobalSection
	GlobalSection(ProjectConfigurationPlatforms) = postSolution
		{CE4E4E8C-C77F-49A8-9539-7819D5157CB2}.Debug|Any CPU.ActiveCfg = Debug|Any CPU
		{CE4E4E8C-C77F-49A8-9539-7819D5157CB2}.Debug|Any CPU.Build.0 = Debug|Any CPU
		{CE4E4E8C-C77F-49A8-9539-7819D5157CB2}.Release|Any CPU.ActiveCfg = Release|Any CPU
		{CE4E4E8C-C77F-49A8-9539-7819D5157CB2}.Release|Any CPU.Build.0 = Release|Any CPU
	EndGlobalSection
	GlobalSection(SolutionProperties) = preSolution
		HideSolutionNode = FALSE
	EndGlobalSection
	GlobalSection(ExtensibilityGlobals) = postSolution
		SolutionGuid = {676244EE-7E63-46EF-A49E-FF647F4DB2AE}
	EndGlobalSection
EndGlobal
